
Microsoft Visual Studio Solution File, Format Version 12.00
# Visual Studio Version 16
VisualStudioVersion = 16.0.30225.117
MinimumVisualStudioVersion = 10.0.40219.1
Project("{FAE04EC0-301F-11D3-BF4B-00C04F79EFBC}") = "BeekeepingApi", "BeekeepingApi\BeekeepingApi.csproj", "{AFA4BB11-257B-45E6-B4D0-523CADAA24CB}"
EndProject
Global
	GlobalSection(SolutionConfigurationPlatforms) = preSolution
		Debug|Any CPU = Debug|Any CPU
		Release|Any CPU = Release|Any CPU
	EndGlobalSection
	GlobalSection(ProjectConfigurationPlatforms) = postSolution
		{AFA4BB11-257B-45E6-B4D0-523CADAA24CB}.Debug|Any CPU.ActiveCfg = Debug|Any CPU
		{AFA4BB11-257B-45E6-B4D0-523CADAA24CB}.Debug|Any CPU.Build.0 = Debug|Any CPU
		{AFA4BB11-257B-45E6-B4D0-523CADAA24CB}.Release|Any CPU.ActiveCfg = Release|Any CPU
		{AFA4BB11-257B-45E6-B4D0-523CADAA24CB}.Release|Any CPU.Build.0 = Release|Any CPU
	EndGlobalSection
	GlobalSection(SolutionProperties) = preSolution
		HideSolutionNode = FALSE
	EndGlobalSection
	GlobalSection(ExtensibilityGlobals) = postSolution
		SolutionGuid = {70C21E0E-67E7-43ED-B81B-CC4E0E3B0185}
	EndGlobalSection
EndGlobal
